lockfile_version: '1'
generated_at: '2026-09-21T08:52:32.660259+00:00'
dependencies: []
deployments:
- kind: project-relative
  target: claude
  value: .claude/rules/globals.md
  runtime: null
  scope: project
  owners:
  - .
  active_owner: .
  content_hash: sha256:9678c6db91a79e338d18412c360e4c553b75a7b55e3eefb1e3f9f1e22cfb53d4
- kind: project-relative
  target: claude
  value: .claude/rules/qiita.md
  runtime: null
  scope: project
  owners:
  - .
  active_owner: .
  content_hash: sha256:f7197e5253fcb225b11d1a7023c534800eb581026abf0cebb6c91239fce3f90e
- kind: project-relative
  target: copilot
  value: .github/instructions/globals.instructions.md
  runtime: null
  scope: project
  owners:
  - .
  active_owner: .
  content_hash: sha256:81ad7af002c4bb646db8b0dd24c0e63b2a1059a41d626a77f8c1072b7133ccf9
- kind: project-relative
  target: copilot
  value: .github/instructions/qiita.instructions.md
  runtime: null
  scope: project
  owners:
  - .
  active_owner: .
  content_hash: sha256:0ea177a4e0345a845648dde92a24047894533bd591bf4c5edbe49de3a19d0525
- kind: project-relative
  target: cursor
  value: .cursor/rules/globals.mdc
  runtime: null
  scope: project
  owners:
  - .
  active_owner: .
  content_hash: sha256:336e8b5b7caf8f2db6a2e1422f4c9b511d448ce7080b5a0b69a5023e280051f8
- kind: project-relative
  target: cursor
  value: .cursor/rules/qiita.mdc
  runtime: null
  scope: project
  owners:
  - .
  active_owner: .
  content_hash: sha256:0d53c62997b5365f637d955df1deb6c0c481e28b79a2c44c78b9363a3da874e6
- kind: uri
  target: mcp
  value: context7
  runtime: claude
  scope: project
  owners:
  - .
  active_owner: .
  content_hash: null
- kind: uri
  target: mcp
  value: github
  runtime: claude
  scope: project
  owners:
  - .
  active_owner: .
  content_hash: null
- kind: uri
  target: mcp
  value: obsidian
  runtime: claude
  scope: project
  owners:
  - .
  active_owner: .
  content_hash: null
- kind: uri
  target: mcp
  value: serena
  runtime: claude
  scope: project
  owners:
  - .
  active_owner: .
  content_hash: null
- kind: uri
  target: mcp
  value: context7
  runtime: copilot
  scope: project
  owners:
  - .
  active_owner: .
  content_hash: null
- kind: uri
  target: mcp
  value: github
  runtime: copilot
  scope: project
  owners:
  - .
  active_owner: .
  content_hash: null
- kind: uri
  target: mcp
  value: obsidian
  runtime: copilot
  scope: project
  owners:
  - .
  active_owner: .
  content_hash: null
- kind: uri
  target: mcp
  value: serena
  runtime: copilot
  scope: project
  owners:
  - .
  active_owner: .
  content_hash: null
- kind: uri
  target: mcp
  value: context7
  runtime: cursor
  scope: project
  owners:
  - .
  active_owner: .
  content_hash: null
- kind: uri
  target: mcp
  value: github
  runtime: cursor
  scope: project
  owners:
  - .
  active_owner: .
  content_hash: null
- kind: uri
  target: mcp
  value: obsidian
  runtime: cursor
  scope: project
  owners:
  - .
  active_owner: .
  content_hash: null
- kind: uri
  target: mcp
  value: serena
  runtime: cursor
  scope: project
  owners:
  - .
  active_owner: .
  content_hash: null
mcp_servers:
- context7
- github
- obsidian
- serena
mcp_configs:
  context7:
    name: context7
    transport: stdio
    args:
    - -y
    - '@upstash/context7-mcp@latest'
    registry: false
    command: npx
  github:
    name: github
    transport: stdio
    env:
      GITHUB_PERSONAL_ACCESS_TOKEN: ${env:GITHUB_PERSONAL_ACCESS_TOKEN}
    args:
    - -y
    - '@modelcontextprotocol/server-github'
    registry: false
    command: npx
  obsidian:
    name: obsidian
    transport: stdio
    args:
    - -y
    - mcp-obsidian
    - ${env:OBSIDIAN_VAULT_PATH}
    registry: false
    command: npx
  serena:
    name: serena
    transport: stdio
    args:
    - --from
    - git+https://github.com/oraios/serena
    - serena-mcp-server
    - --context
    - ide-assistant
    registry: false
    command: uvx
mcp_target_servers:
  claude:
  - context7
  - github
  - obsidian
  - serena
  copilot:
  - context7
  - github
  - obsidian
  - serena
  cursor:
  - context7
  - github
  - obsidian
  - serena
local_deployed_files:
- .claude/rules/globals.md
- .claude/rules/qiita.md
- .cursor/rules/globals.mdc
- .cursor/rules/qiita.mdc
- .github/instructions/globals.instructions.md
- .github/instructions/qiita.instructions.md
local_deployed_file_hashes:
  .claude/rules/globals.md: sha256:9678c6db91a79e338d18412c360e4c553b75a7b55e3eefb1e3f9f1e22cfb53d4
  .claude/rules/qiita.md: sha256:f7197e5253fcb225b11d1a7023c534800eb581026abf0cebb6c91239fce3f90e
  .cursor/rules/globals.mdc: sha256:336e8b5b7caf8f2db6a2e1422f4c9b511d448ce7080b5a0b69a5023e280051f8
  .cursor/rules/qiita.mdc: sha256:0d53c62997b5365f637d955df1deb6c0c481e28b79a2c44c78b9363a3da874e6
  .github/instructions/globals.instructions.md: sha256:81ad7af002c4bb646db8b0dd24c0e63b2a1059a41d626a77f8c1072b7133ccf9
  .github/instructions/qiita.instructions.md: sha256:0ea177a4e0345a845648dde92a24047894533bd591bf4c5edbe49de3a19d0525
