lockfile_version: '1'
generated_at: '2026-09-21T08:49:17.965648+00:00'
dependencies: []
deployments:
- kind: project-relative
  target: claude
  value: .claude/rules/globals.md
  runtime: null
  scope: project
  owners:
  - .
  active_owner: .
  content_hash: sha256:6b312d2ba47fe395aa514ac1d787bb9bf801f6ccae71511605522361ca112c91
- kind: project-relative
  target: claude
  value: .claude/rules/qiita.md
  runtime: null
  scope: project
  owners:
  - .
  active_owner: .
  content_hash: sha256:f7197e5253fcb225b11d1a7023c534800eb581026abf0cebb6c91239fce3f90e
- kind: project-relative
  target: copilot
  value: .github/instructions/globals.instructions.md
  runtime: null
  scope: project
  owners:
  - .
  active_owner: .
  content_hash: sha256:c1c542ad487b90cec6dddf5961a6aad10410936d3b74c3492af93a9ab9077a57
- kind: project-relative
  target: copilot
  value: .github/instructions/qiita.instructions.md
  runtime: null
  scope: project
  owners:
  - .
  active_owner: .
  content_hash: sha256:f82483a0e62a3659db59bcfb5135f76c7d793aeeec63d693e4f5063045ce9853
- kind: project-relative
  target: cursor
  value: .cursor/rules/globals.mdc
  runtime: null
  scope: project
  owners:
  - .
  active_owner: .
  content_hash: sha256:a2155b7747aaa141bf615543577515641bd9cae643eab8542261cbb0bd460e81
- kind: project-relative
  target: cursor
  value: .cursor/rules/qiita.mdc
  runtime: null
  scope: project
  owners:
  - .
  active_owner: .
  content_hash: sha256:9603334af0348c5d9085817f13a99e9d63743123c809405f16fa1fc23164a5f9
- kind: uri
  target: mcp
  value: context7
  runtime: claude
  scope: project
  owners:
  - .
  active_owner: .
  content_hash: null
- kind: uri
  target: mcp
  value: github
  runtime: claude
  scope: project
  owners:
  - .
  active_owner: .
  content_hash: null
- kind: uri
  target: mcp
  value: obsidian
  runtime: claude
  scope: project
  owners:
  - .
  active_owner: .
  content_hash: null
- kind: uri
  target: mcp
  value: serena
  runtime: claude
  scope: project
  owners:
  - .
  active_owner: .
  content_hash: null
- kind: uri
  target: mcp
  value: context7
  runtime: copilot
  scope: project
  owners:
  - .
  active_owner: .
  content_hash: null
- kind: uri
  target: mcp
  value: github
  runtime: copilot
  scope: project
  owners:
  - .
  active_owner: .
  content_hash: null
- kind: uri
  target: mcp
  value: obsidian
  runtime: copilot
  scope: project
  owners:
  - .
  active_owner: .
  content_hash: null
- kind: uri
  target: mcp
  value: serena
  runtime: copilot
  scope: project
  owners:
  - .
  active_owner: .
  content_hash: null
- kind: uri
  target: mcp
  value: context7
  runtime: cursor
  scope: project
  owners:
  - .
  active_owner: .
  content_hash: null
- kind: uri
  target: mcp
  value: github
  runtime: cursor
  scope: project
  owners:
  - .
  active_owner: .
  content_hash: null
- kind: uri
  target: mcp
  value: obsidian
  runtime: cursor
  scope: project
  owners:
  - .
  active_owner: .
  content_hash: null
- kind: uri
  target: mcp
  value: serena
  runtime: cursor
  scope: project
  owners:
  - .
  active_owner: .
  content_hash: null
mcp_servers:
- context7
- github
- obsidian
- serena
mcp_configs:
  context7:
    name: context7
    transport: stdio
    args:
    - -y
    - '@upstash/context7-mcp@latest'
    registry: false
    command: npx
  github:
    name: github
    transport: stdio
    env:
      GITHUB_PERSONAL_ACCESS_TOKEN: ${env:GITHUB_PERSONAL_ACCESS_TOKEN}
    args:
    - -y
    - '@modelcontextprotocol/server-github'
    registry: false
    command: npx
  obsidian:
    name: obsidian
    transport: stdio
    args:
    - -y
    - mcp-obsidian
    - ${env:OBSIDIAN_VAULT_PATH}
    registry: false
    command: npx
  serena:
    name: serena
    transport: stdio
    args:
    - --from
    - git+https://github.com/oraios/serena
    - serena-mcp-server
    - --context
    - ide-assistant
    registry: false
    command: uvx
mcp_target_servers:
  claude:
  - context7
  - github
  - obsidian
  - serena
  copilot:
  - context7
  - github
  - obsidian
  - serena
  cursor:
  - context7
  - github
  - obsidian
  - serena
local_deployed_files:
- .claude/rules/globals.md
- .claude/rules/qiita.md
- .cursor/rules/globals.mdc
- .cursor/rules/qiita.mdc
- .github/instructions/globals.instructions.md
- .github/instructions/qiita.instructions.md
local_deployed_file_hashes:
  .claude/rules/globals.md: sha256:6b312d2ba47fe395aa514ac1d787bb9bf801f6ccae71511605522361ca112c91
  .claude/rules/qiita.md: sha256:f7197e5253fcb225b11d1a7023c534800eb581026abf0cebb6c91239fce3f90e
  .cursor/rules/globals.mdc: sha256:a2155b7747aaa141bf615543577515641bd9cae643eab8542261cbb0bd460e81
  .cursor/rules/qiita.mdc: sha256:9603334af0348c5d9085817f13a99e9d63743123c809405f16fa1fc23164a5f9
  .github/instructions/globals.instructions.md: sha256:c1c542ad487b90cec6dddf5961a6aad10410936d3b74c3492af93a9ab9077a57
  .github/instructions/qiita.instructions.md: sha256:f82483a0e62a3659db59bcfb5135f76c7d793aeeec63d693e4f5063045ce9853
